{
  "name": "typescriptinteropdemo.server",
  "version": "1.0.0",
  "lockfileVersion": 3,
  "requires": true,
  "packages": {
    "": {
      "name": "typescriptinteropdemo.server",
      "version": "1.0.0",
      "license": "ISC",
      "dependencies": {
        "@microsoft/dotnet-js-interop": "^10.0.0"
      }
    },
    "node_modules/@microsoft/dotnet-js-interop": {
      "version": "10.0.0",
      "resolved": "https://registry.npmjs.org/@microsoft/dotnet-js-interop/-/dotnet-js-interop-10.0.0.tgz",
      "integrity": "sha512-cYmqSePCKSs6srwGWz6lOq/UIogKgFw0ZOq0MtQzxRI1G/YiBOhlvM4Nj8DuGBp/1guSlFApIVv85SkXJTMOIQ==",
      "license": "MIT"
    }
  }
}
